
Microsoft Visual Studio Solution File, Format Version 12.00
# Visual Studio Version 17
VisualStudioVersion = 17.5.002.0
MinimumVisualStudioVersion = 10.0.40219.1
Project("{9A19103F-16F7-4668-BE54-9A1E7A4F7556}") = "NumberAPI", "NumberAPI.csproj", "{4CFA5A51-D06F-42E1-8D67-8FC54AF7C770}"
EndProject
Global
	GlobalSection(SolutionConfigurationPlatforms) = preSolution
		Debug|Any CPU = Debug|Any CPU
		Release|Any CPU = Release|Any CPU
	EndGlobalSection
	GlobalSection(ProjectConfigurationPlatforms) = postSolution
		{4CFA5A51-D06F-42E1-8D67-8FC54AF7C770}.Debug|Any CPU.ActiveCfg = Debug|Any CPU
		{4CFA5A51-D06F-42E1-8D67-8FC54AF7C770}.Debug|Any CPU.Build.0 = Debug|Any CPU
		{4CFA5A51-D06F-42E1-8D67-8FC54AF7C770}.Release|Any CPU.ActiveCfg = Release|Any CPU
		{4CFA5A51-D06F-42E1-8D67-8FC54AF7C770}.Release|Any CPU.Build.0 = Release|Any CPU
	EndGlobalSection
	GlobalSection(SolutionProperties) = preSolution
		HideSolutionNode = FALSE
	EndGlobalSection
	GlobalSection(ExtensibilityGlobals) = postSolution
		SolutionGuid = {026290A0-2BB3-4F96-A946-CEE8E5904A3C}
	EndGlobalSection
EndGlobal
